
Microsoft Visual Studio Solution File, Format Version 12.00
# Visual Studio Version 16
VisualStudioVersion = 16.0.32106.194
MinimumVisualStudioVersion = 10.0.40219.1
Project("{FAE04EC0-301F-11D3-BF4B-00C04F79EFBC}") = "ChessConsole", "ChessConsole\ChessConsole.csproj", "{B8A56D70-41B5-45C8-9933-BC93F47A5A63}"
EndProject
Global
	GlobalSection(SolutionConfigurationPlatforms) = preSolution
		Debug|Any CPU = Debug|Any CPU
		Release|Any CPU = Release|Any CPU
	EndGlobalSection
	GlobalSection(ProjectConfigurationPlatforms) = postSolution
		{B8A56D70-41B5-45C8-9933-BC93F47A5A63}.Debug|Any CPU.ActiveCfg = Debug|Any CPU
		{B8A56D70-41B5-45C8-9933-BC93F47A5A63}.Debug|Any CPU.Build.0 = Debug|Any CPU
		{B8A56D70-41B5-45C8-9933-BC93F47A5A63}.Release|Any CPU.ActiveCfg = Release|Any CPU
		{B8A56D70-41B5-45C8-9933-BC93F47A5A63}.Release|Any CPU.Build.0 = Release|Any CPU
	EndGlobalSection
	GlobalSection(SolutionProperties) = preSolution
		HideSolutionNode = FALSE
	EndGlobalSection
	GlobalSection(ExtensibilityGlobals) = postSolution
		SolutionGuid = {4693B5BA-33BD-4A40-A9DA-7945568D34E6}
	EndGlobalSection
EndGlobal
